
Microsoft Visual Studio Solution File, Format Version 12.00
# Visual Studio Version 17
VisualStudioVersion = 17.14.36915.13 d17.14
MinimumVisualStudioVersion = 10.0.40219.1
Project("{FAE04EC0-301F-11D3-BF4B-00C04F79EFBC}") = "TaxiPark", "TaxiPark\TaxiPark.csproj", "{C8D643BC-69E9-4186-8E06-99F6E7557E53}"
EndProject
Global
	GlobalSection(SolutionConfigurationPlatforms) = preSolution
		Debug|Any CPU = Debug|Any CPU
		Release|Any CPU = Release|Any CPU
	EndGlobalSection
	GlobalSection(ProjectConfigurationPlatforms) = postSolution
		{C8D643BC-69E9-4186-8E06-99F6E7557E53}.Debug|Any CPU.ActiveCfg = Debug|Any CPU
		{C8D643BC-69E9-4186-8E06-99F6E7557E53}.Debug|Any CPU.Build.0 = Debug|Any CPU
		{C8D643BC-69E9-4186-8E06-99F6E7557E53}.Release|Any CPU.ActiveCfg = Release|Any CPU
		{C8D643BC-69E9-4186-8E06-99F6E7557E53}.Release|Any CPU.Build.0 = Release|Any CPU
	EndGlobalSection
	GlobalSection(SolutionProperties) = preSolution
		HideSolutionNode = FALSE
	EndGlobalSection
	GlobalSection(ExtensibilityGlobals) = postSolution
		SolutionGuid = {41DB893C-B674-403B-AAD8-E9DA425EA0DA}
	EndGlobalSection
EndGlobal
